
Microsoft Visual Studio Solution File, Format Version 12.00
# Visual Studio 15
VisualStudioVersion = 15.0.27703.2047
MinimumVisualStudioVersion = 10.0.40219.1
Project("{FAE04EC0-301F-11D3-BF4B-00C04F79EFBC}") = "CCSblockchain", "CCSblockchain\CCSblockchain.csproj", "{4C1D2B9F-35B4-4CB9-9BAC-B502D2F334A3}"
EndProject
Project("{FAE04EC0-301F-11D3-BF4B-00C04F79EFBC}") = "Miner", "Miner\Miner\Miner.csproj", "{A6B043C2-C592-434B-BF33-4E83AD179F18}"
EndProject
Global
	GlobalSection(SolutionConfigurationPlatforms) = preSolution
		Debug|Any CPU = Debug|Any CPU
		Release|Any CPU = Release|Any CPU
	EndGlobalSection
	GlobalSection(ProjectConfigurationPlatforms) = postSolution
		{4C1D2B9F-35B4-4CB9-9BAC-B502D2F334A3}.Debug|Any CPU.ActiveCfg = Debug|Any CPU
		{4C1D2B9F-35B4-4CB9-9BAC-B502D2F334A3}.Debug|Any CPU.Build.0 = Debug|Any CPU
		{4C1D2B9F-35B4-4CB9-9BAC-B502D2F334A3}.Release|Any CPU.ActiveCfg = Release|Any CPU
		{4C1D2B9F-35B4-4CB9-9BAC-B502D2F334A3}.Release|Any CPU.Build.0 = Release|Any CPU
		{A6B043C2-C592-434B-BF33-4E83AD179F18}.Debug|Any CPU.ActiveCfg = Debug|Any CPU
		{A6B043C2-C592-434B-BF33-4E83AD179F18}.Debug|Any CPU.Build.0 = Debug|Any CPU
		{A6B043C2-C592-434B-BF33-4E83AD179F18}.Release|Any CPU.ActiveCfg = Release|Any CPU
		{A6B043C2-C592-434B-BF33-4E83AD179F18}.Release|Any CPU.Build.0 = Release|Any CPU
	EndGlobalSection
	GlobalSection(SolutionProperties) = preSolution
		HideSolutionNode = FALSE
	EndGlobalSection
	GlobalSection(ExtensibilityGlobals) = postSolution
		SolutionGuid = {A983F263-2BF4-4CCE-AC0F-4DBF22AE0098}
	EndGlobalSection
EndGlobal
