
Microsoft Visual Studio Solution File, Format Version 12.00
# Visual Studio 15
VisualStudioVersion = 15.0.27703.2047
MinimumVisualStudioVersion = 10.0.40219.1
Project("{FAE04EC0-301F-11D3-BF4B-00C04F79EFBC}") = "Wallet_DesuCoin", "Wallet_DesuCoin\Wallet_DesuCoin.csproj", "{5FB37740-830A-4FAF-82E8-AA9EF3135C51}"
EndProject
Global
	GlobalSection(SolutionConfigurationPlatforms) = preSolution
		Debug|Any CPU = Debug|Any CPU
		Release|Any CPU = Release|Any CPU
	EndGlobalSection
	GlobalSection(ProjectConfigurationPlatforms) = postSolution
		{5FB37740-830A-4FAF-82E8-AA9EF3135C51}.Debug|Any CPU.ActiveCfg = Debug|Any CPU
		{5FB37740-830A-4FAF-82E8-AA9EF3135C51}.Debug|Any CPU.Build.0 = Debug|Any CPU
		{5FB37740-830A-4FAF-82E8-AA9EF3135C51}.Release|Any CPU.ActiveCfg = Release|Any CPU
		{5FB37740-830A-4FAF-82E8-AA9EF3135C51}.Release|Any CPU.Build.0 = Release|Any CPU
	EndGlobalSection
	GlobalSection(SolutionProperties) = preSolution
		HideSolutionNode = FALSE
	EndGlobalSection
	GlobalSection(ExtensibilityGlobals) = postSolution
		SolutionGuid = {FD0AE73D-6C08-4801-8220-D1AE5CF85394}
	EndGlobalSection
EndGlobal
